
Microsoft Visual Studio Solution File, Format Version 11.00
# Visual Studio 2010
Project("{2150E333-8FDC-42A3-9474-1A3956D46DE8}") = "Basic System", "Basic System", "{84C7ED52-E440-4DC3-A168-7DF13AC32E80}"
EndProject
Project("{2150E333-8FDC-42A3-9474-1A3956D46DE8}") = "Developer Studio", "Developer Studio", "{D69B30D4-B1F0-4E7E-A036-6B09CFE4F52D}"
EndProject
Project("{2150E333-8FDC-42A3-9474-1A3956D46DE8}") = "Common", "Common", "{13B57A36-AD04-4849-84CB-0E755520A0A4}"
EndProject
Project("{FAE04EC0-301F-11D3-BF4B-00C04F79EFBC}") = "RapidCase.Common", "RapidCase.Common\RapidCase.Common.csproj", "{9D0BBC92-6DD3-4C39-A72D-9C5B3FB930BF}"
EndProject
Project("{2150E333-8FDC-42A3-9474-1A3956D46DE8}") = "System", "System", "{42C7A971-376F-477A-8FE8-3A4803851922}"
EndProject
Project("{FAE04EC0-301F-11D3-BF4B-00C04F79EFBC}") = "RapidCase.GUI", "RapidCase.GUI\RapidCase.GUI.csproj", "{DDA1397A-7199-424F-AAB1-FC5349AB21C4}"
EndProject
Project("{FAE04EC0-301F-11D3-BF4B-00C04F79EFBC}") = "RapidCase.BasicSystem.Specifications", "RapidCase.BasicSystem.Specifications\RapidCase.BasicSystem.Specifications.csproj", "{500DEE55-B351-4F83-B290-1ABD7DAC4D13}"
EndProject
Project("{FAE04EC0-301F-11D3-BF4B-00C04F79EFBC}") = "RapidCase.DeveloperStudio.Specifications", "RapidCase.DeveloperStudio.Specifications\RapidCase.DeveloperStudio.Specifications.csproj", "{D5249313-B9F6-46C4-8495-80B2E7DEC75A}"
EndProject
Global
	GlobalSection(SolutionConfigurationPlatforms) = preSolution
		Debug|Any CPU = Debug|Any CPU
		Debug|Mixed Platforms = Debug|Mixed Platforms
		Debug|x86 = Debug|x86
		Release|Any CPU = Release|Any CPU
		Release|Mixed Platforms = Release|Mixed Platforms
		Release|x86 = Release|x86
	EndGlobalSection
	GlobalSection(ProjectConfigurationPlatforms) = postSolution
		{9D0BBC92-6DD3-4C39-A72D-9C5B3FB930BF}.Debug|Any CPU.ActiveCfg = Debug|Any CPU
		{9D0BBC92-6DD3-4C39-A72D-9C5B3FB930BF}.Debug|Any CPU.Build.0 = Debug|Any CPU
		{9D0BBC92-6DD3-4C39-A72D-9C5B3FB930BF}.Debug|Mixed Platforms.ActiveCfg = Debug|Any CPU
		{9D0BBC92-6DD3-4C39-A72D-9C5B3FB930BF}.Debug|Mixed Platforms.Build.0 = Debug|Any CPU
		{9D0BBC92-6DD3-4C39-A72D-9C5B3FB930BF}.Debug|x86.ActiveCfg = Debug|Any CPU
		{9D0BBC92-6DD3-4C39-A72D-9C5B3FB930BF}.Release|Any CPU.ActiveCfg = Release|Any CPU
		{9D0BBC92-6DD3-4C39-A72D-9C5B3FB930BF}.Release|Any CPU.Build.0 = Release|Any CPU
		{9D0BBC92-6DD3-4C39-A72D-9C5B3FB930BF}.Release|Mixed Platforms.ActiveCfg = Release|Any CPU
		{9D0BBC92-6DD3-4C39-A72D-9C5B3FB930BF}.Release|Mixed Platforms.Build.0 = Release|Any CPU
		{9D0BBC92-6DD3-4C39-A72D-9C5B3FB930BF}.Release|x86.ActiveCfg = Release|Any CPU
		{DDA1397A-7199-424F-AAB1-FC5349AB21C4}.Debug|Any CPU.ActiveCfg = Debug|Any CPU
		{DDA1397A-7199-424F-AAB1-FC5349AB21C4}.Debug|Any CPU.Build.0 = Debug|Any CPU
		{DDA1397A-7199-424F-AAB1-FC5349AB21C4}.Debug|Mixed Platforms.ActiveCfg = Debug|Any CPU
		{DDA1397A-7199-424F-AAB1-FC5349AB21C4}.Debug|Mixed Platforms.Build.0 = Debug|Any CPU
		{DDA1397A-7199-424F-AAB1-FC5349AB21C4}.Debug|x86.ActiveCfg = Debug|Any CPU
		{DDA1397A-7199-424F-AAB1-FC5349AB21C4}.Release|Any CPU.ActiveCfg = Release|Any CPU
		{DDA1397A-7199-424F-AAB1-FC5349AB21C4}.Release|Any CPU.Build.0 = Release|Any CPU
		{DDA1397A-7199-424F-AAB1-FC5349AB21C4}.Release|Mixed Platforms.ActiveCfg = Release|Any CPU
		{DDA1397A-7199-424F-AAB1-FC5349AB21C4}.Release|Mixed Platforms.Build.0 = Release|Any CPU
		{DDA1397A-7199-424F-AAB1-FC5349AB21C4}.Release|x86.ActiveCfg = Release|Any CPU
		{500DEE55-B351-4F83-B290-1ABD7DAC4D13}.Debug|Any CPU.ActiveCfg = Debug|Any CPU
		{500DEE55-B351-4F83-B290-1ABD7DAC4D13}.Debug|Any CPU.Build.0 = Debug|Any CPU
		{500DEE55-B351-4F83-B290-1ABD7DAC4D13}.Debug|Mixed Platforms.ActiveCfg = Debug|Any CPU
		{500DEE55-B351-4F83-B290-1ABD7DAC4D13}.Debug|Mixed Platforms.Build.0 = Debug|Any CPU
		{500DEE55-B351-4F83-B290-1ABD7DAC4D13}.Debug|x86.ActiveCfg = Debug|Any CPU
		{500DEE55-B351-4F83-B290-1ABD7DAC4D13}.Release|Any CPU.ActiveCfg = Release|Any CPU
		{500DEE55-B351-4F83-B290-1ABD7DAC4D13}.Release|Any CPU.Build.0 = Release|Any CPU
		{500DEE55-B351-4F83-B290-1ABD7DAC4D13}.Release|Mixed Platforms.ActiveCfg = Release|Any CPU
		{500DEE55-B351-4F83-B290-1ABD7DAC4D13}.Release|Mixed Platforms.Build.0 = Release|Any CPU
		{500DEE55-B351-4F83-B290-1ABD7DAC4D13}.Release|x86.ActiveCfg = Release|Any CPU
		{D5249313-B9F6-46C4-8495-80B2E7DEC75A}.Debug|Any CPU.ActiveCfg = Debug|Any CPU
		{D5249313-B9F6-46C4-8495-80B2E7DEC75A}.Debug|Any CPU.Build.0 = Debug|Any CPU
		{D5249313-B9F6-46C4-8495-80B2E7DEC75A}.Debug|Mixed Platforms.ActiveCfg = Debug|Any CPU
		{D5249313-B9F6-46C4-8495-80B2E7DEC75A}.Debug|Mixed Platforms.Build.0 = Debug|Any CPU
		{D5249313-B9F6-46C4-8495-80B2E7DEC75A}.Debug|x86.ActiveCfg = Debug|Any CPU
		{D5249313-B9F6-46C4-8495-80B2E7DEC75A}.Release|Any CPU.ActiveCfg = Release|Any CPU
		{D5249313-B9F6-46C4-8495-80B2E7DEC75A}.Release|Any CPU.Build.0 = Release|Any CPU
		{D5249313-B9F6-46C4-8495-80B2E7DEC75A}.Release|Mixed Platforms.ActiveCfg = Release|Any CPU
		{D5249313-B9F6-46C4-8495-80B2E7DEC75A}.Release|Mixed Platforms.Build.0 = Release|Any CPU
		{D5249313-B9F6-46C4-8495-80B2E7DEC75A}.Release|x86.ActiveCfg = Release|Any CPU
	EndGlobalSection
	GlobalSection(SolutionProperties) = preSolution
		HideSolutionNode = FALSE
	EndGlobalSection
	GlobalSection(NestedProjects) = preSolution
		{500DEE55-B351-4F83-B290-1ABD7DAC4D13} = {84C7ED52-E440-4DC3-A168-7DF13AC32E80}
		{D5249313-B9F6-46C4-8495-80B2E7DEC75A} = {D69B30D4-B1F0-4E7E-A036-6B09CFE4F52D}
		{9D0BBC92-6DD3-4C39-A72D-9C5B3FB930BF} = {13B57A36-AD04-4849-84CB-0E755520A0A4}
		{DDA1397A-7199-424F-AAB1-FC5349AB21C4} = {42C7A971-376F-477A-8FE8-3A4803851922}
	EndGlobalSection
EndGlobal
